[[package]]
category = "main"
description = "Async http client/server framework (asyncio)"
name = "aiohttp"
optional = false
python-versions = ">=3.5.3"
version = "3.6.2"

[package.dependencies]
async-timeout = ">=3.0,<4.0"
attrs = ">=17.3.0"
chardet = ">=2.0,<4.0"
multidict = ">=4.5,<5.0"
yarl = ">=1.0,<2.0"

[package.extras]
speedups = ["aiodns", "brotlipy", "cchardet"]

[[package]]
category = "main"
description = "asyncio (PEP 3156) Redis support"
name = "aioredis"
optional = false
python-versions = "*"
version = "1.3.1"

[package.dependencies]
async-timeout = "*"
hiredis = "*"

[[package]]
category = "main"
description = "Timeout context manager for asyncio programs"
name = "async-timeout"
optional = false
python-versions = ">=3.5.3"
version = "3.0.1"

[[package]]
category = "main"
description = "Classes Without Boilerplate"
name = "attrs"
optional = false
python-versions = ">=2.7, !=3.0.*, !=3.1.*, !=3.2.*, !=3.3.*"
version = "19.3.0"

[package.extras]
azure-pipelines = ["coverage", "hypothesis", "pympler", "pytest (>=4.3.0)", "six", "zope.interface", "pytest-azurepipelines"]
dev = ["coverage", "hypothesis", "pympler", "pytest (>=4.3.0)", "six", "zope.interface", "sphinx", "pre-commit"]
docs = ["sphinx", "zope.interface"]
tests = ["coverage", "hypothesis", "pympler", "pytest (>=4.3.0)", "six", "zope.interface"]

[[package]]
category = "main"
description = "Universal encoding detector for Python 2 and 3"
name = "chardet"
optional = false
python-versions = "*"
version = "3.0.4"

[[package]]
category = "main"
description = "Python wrapper for hiredis"
name = "hiredis"
optional = false
python-versions = ">=2.7, !=3.0.*, !=3.1.*, !=3.2.*, !=3.3.*"
version = "1.0.1"

[[package]]
category = "main"
description = "Internationalized Domain Names in Applications (IDNA)"
name = "idna"
optional = false
python-versions = ">=2.7, !=3.0.*, !=3.1.*, !=3.2.*, !=3.3.*"
version = "2.8"

[[package]]
category = "main"
description = "A lightweight library for converting complex datatypes to and from native Python datatypes."
name = "marshmallow"
optional = false
python-versions = ">=3.5"
version = "3.4.0"

[package.extras]
dev = ["pytest", "pytz", "simplejson", "mypy (0.761)", "flake8 (3.7.9)", "flake8-bugbear (20.1.3)", "pre-commit (>=1.20,<3.0)", "tox"]
docs = ["sphinx (2.3.1)", "sphinx-issues (1.2.0)", "alabaster (0.7.12)", "sphinx-version-warning (1.1.2)"]
lint = ["mypy (0.761)", "flake8 (3.7.9)", "flake8-bugbear (20.1.3)", "pre-commit (>=1.20,<3.0)"]
tests = ["pytest", "pytz", "simplejson"]

[[package]]
category = "main"
description = "multidict implementation"
name = "multidict"
optional = false
python-versions = ">=3.5"
version = "4.7.4"

[[package]]
category = "main"
description = "Data validation and settings management using python 3.6 type hinting"
name = "pydantic"
optional = false
python-versions = ">=3.6"
version = "1.4"

[package.extras]
dotenv = ["python-dotenv (>=0.10.4)"]
email = ["email-validator (>=1.0.3)"]
typing_extensions = ["typing-extensions (>=3.7.2)"]

[[package]]
category = "main"
description = "YAML parser and emitter for Python"
name = "pyyaml"
optional = false
python-versions = ">=2.7, !=3.0.*, !=3.1.*, !=3.2.*, !=3.3.*, !=3.4.*"
version = "5.3"

[[package]]
category = "main"
description = "Simple, fast, extensible JSON encoder/decoder for Python"
name = "simplejson"
optional = false
python-versions = ">=2.5, !=3.0.*, !=3.1.*, !=3.2.*"
version = "3.17.0"

[[package]]
category = "main"
description = "Declarative parsing and validation of HTTP request objects, with built-in support for popular web frameworks, including Flask, Django, Bottle, Tornado, Pyramid, webapp2, Falcon, and aiohttp."
name = "webargs"
optional = false
python-versions = "*"
version = "5.5.3"

[package.dependencies]
marshmallow = ">=2.15.2"
simplejson = ">=2.1.0"

[package.extras]
dev = ["pytest", "mock", "webtest (2.0.33)", "Flask (>=0.12.2)", "Django (>=1.11.16)", "bottle (>=0.12.13)", "tornado (>=4.5.2)", "pyramid (>=1.9.1)", "webapp2 (>=3.0.0b1)", "falcon (>=1.4.0,<2.0)", "flake8 (3.7.8)", "pre-commit (>=1.17,<2.0)", "tox", "webtest-aiohttp (2.0.0)", "pytest-aiohttp (>=0.3.0)", "aiohttp (>=3.0.0)", "mypy (0.730)", "flake8-bugbear (19.8.0)"]
docs = ["Sphinx (2.2.0)", "sphinx-issues (1.2.0)", "sphinx-typlog-theme (0.7.3)", "Flask (>=0.12.2)", "Django (>=1.11.16)", "bottle (>=0.12.13)", "tornado (>=4.5.2)", "pyramid (>=1.9.1)", "webapp2 (>=3.0.0b1)", "falcon (>=1.4.0,<2.0)", "aiohttp (>=3.0.0)"]
frameworks = ["Flask (>=0.12.2)", "Django (>=1.11.16)", "bottle (>=0.12.13)", "tornado (>=4.5.2)", "pyramid (>=1.9.1)", "webapp2 (>=3.0.0b1)", "falcon (>=1.4.0,<2.0)", "aiohttp (>=3.0.0)"]
lint = ["flake8 (3.7.8)", "pre-commit (>=1.17,<2.0)", "mypy (0.730)", "flake8-bugbear (19.8.0)"]
tests = ["pytest", "mock", "webtest (2.0.33)", "Flask (>=0.12.2)", "Django (>=1.11.16)", "bottle (>=0.12.13)", "tornado (>=4.5.2)", "pyramid (>=1.9.1)", "webapp2 (>=3.0.0b1)", "falcon (>=1.4.0,<2.0)", "webtest-aiohttp (2.0.0)", "pytest-aiohttp (>=0.3.0)", "aiohttp (>=3.0.0)"]

[[package]]
category = "main"
description = "Yet another URL library"
name = "yarl"
optional = false
python-versions = ">=3.5"
version = "1.4.2"

[package.dependencies]
idna = ">=2.0"
multidict = ">=4.0"

[metadata]
content-hash = "396354c16d12283eda4997d0192b3d400e62ec673a3a526e6f47698f4d0fd3f8"
python-versions = "^3.8"

[metadata.files]
aiohttp = [
    {file = "aiohttp-3.6.2-cp35-cp35m-macosx_10_13_x86_64.whl", hash = "sha256:1e984191d1ec186881ffaed4581092ba04f7c61582a177b187d3a2f07ed9719e"},
    {file = "aiohttp-3.6.2-cp35-cp35m-manylinux1_x86_64.whl", hash = "sha256:50aaad128e6ac62e7bf7bd1f0c0a24bc968a0c0590a726d5a955af193544bcec"},
    {file = "aiohttp-3.6.2-cp36-cp36m-macosx_10_13_x86_64.whl", hash = "sha256:65f31b622af739a802ca6fd1a3076fd0ae523f8485c52924a89561ba10c49b48"},
    {file = "aiohttp-3.6.2-cp36-cp36m-manylinux1_x86_64.whl", hash = "sha256:ae55bac364c405caa23a4f2d6cfecc6a0daada500274ffca4a9230e7129eac59"},
    {file = "aiohttp-3.6.2-cp36-cp36m-win32.whl", hash = "sha256:344c780466b73095a72c616fac5ea9c4665add7fc129f285fbdbca3cccf4612a"},
    {file = "aiohttp-3.6.2-cp36-cp36m-win_amd64.whl", hash = "sha256:4c6efd824d44ae697814a2a85604d8e992b875462c6655da161ff18fd4f29f17"},
    {file = "aiohttp-3.6.2-cp37-cp37m-macosx_10_13_x86_64.whl", hash = "sha256:2f4d1a4fdce595c947162333353d4a44952a724fba9ca3205a3df99a33d1307a"},
    {file = "aiohttp-3.6.2-cp37-cp37m-manylinux1_x86_64.whl", hash = "sha256:6206a135d072f88da3e71cc501c59d5abffa9d0bb43269a6dcd28d66bfafdbdd"},
    {file = "aiohttp-3.6.2-cp37-cp37m-win32.whl", hash = "sha256:b778ce0c909a2653741cb4b1ac7015b5c130ab9c897611df43ae6a58523cb965"},
    {file = "aiohttp-3.6.2-cp37-cp37m-win_amd64.whl", hash = "sha256:32e5f3b7e511aa850829fbe5aa32eb455e5534eaa4b1ce93231d00e2f76e5654"},
    {file = "aiohttp-3.6.2-py3-none-any.whl", hash = "sha256:460bd4237d2dbecc3b5ed57e122992f60188afe46e7319116da5eb8a9dfedba4"},
    {file = "aiohttp-3.6.2.tar.gz", hash = "sha256:259ab809ff0727d0e834ac5e8a283dc5e3e0ecc30c4d80b3cd17a4139ce1f326"},
]
aioredis = [
    {file = "aioredis-1.3.1-py3-none-any.whl", hash = "sha256:b61808d7e97b7cd5a92ed574937a079c9387fdadd22bfbfa7ad2fd319ecc26e3"},
    {file = "aioredis-1.3.1.tar.gz", hash = "sha256:15f8af30b044c771aee6787e5ec24694c048184c7b9e54c3b60c750a4b93273a"},
]
async-timeout = [
    {file = "async-timeout-3.0.1.tar.gz", hash = "sha256:0c3c816a028d47f659d6ff5c745cb2acf1f966da1fe5c19c77a70282b25f4c5f"},
    {file = "async_timeout-3.0.1-py3-none-any.whl", hash = "sha256:4291ca197d287d274d0b6cb5d6f8f8f82d434ed288f962539ff18cc9012f9ea3"},
]
attrs = [
    {file = "attrs-19.3.0-py2.py3-none-any.whl", hash = "sha256:08a96c641c3a74e44eb59afb61a24f2cb9f4d7188748e76ba4bb5edfa3cb7d1c"},
    {file = "attrs-19.3.0.tar.gz", hash = "sha256:f7b7ce16570fe9965acd6d30101a28f62fb4a7f9e926b3bbc9b61f8b04247e72"},
]
chardet = [
    {file = "chardet-3.0.4-py2.py3-none-any.whl", hash = "sha256:fc323ffcaeaed0e0a02bf4d117757b98aed530d9ed4531e3e15460124c106691"},
    {file = "chardet-3.0.4.tar.gz", hash = "sha256:84ab92ed1c4d4f16916e05906b6b75a6c0fb5db821cc65e70cbd64a3e2a5eaae"},
]
hiredis = [
    {file = "hiredis-1.0.1-cp27-cp27m-macosx_10_6_intel.whl", hash = "sha256:38437a681f17c975fd22349e72c29bc643f8e7eb2d6dc5df419eac59afa4d7ce"},
    {file = "hiredis-1.0.1-cp27-cp27m-manylinux1_i686.whl", hash = "sha256:102f9b9dc6ed57feb3a7c9bdf7e71cb7c278fe8df1edfcfe896bc3e0c2be9447"},
    {file = "hiredis-1.0.1-cp27-cp27m-manylinux1_x86_64.whl", hash = "sha256:dbaef9a21a4f10bc281684ee4124f169e62bb533c2a92b55f8c06f64f9af7b8f"},
    {file = "hiredis-1.0.1-cp27-cp27m-manylinux2010_i686.whl", hash = "sha256:03ed34a13316d0c34213c4fd46e0fa3a5299073f4d4f08e93fed8c2108b399b3"},
    {file = "hiredis-1.0.1-cp27-cp27m-manylinux2010_x86_64.whl", hash = "sha256:d6456afeddba036def1a36d8a2758eca53202308d83db20ab5d0b66590919627"},
    {file = "hiredis-1.0.1-cp27-cp27m-win32.whl", hash = "sha256:4a60e71625a2d78d8ab84dfb2fa2cfd9458c964b6e6c04fea76d9ade153fb371"},
    {file = "hiredis-1.0.1-cp27-cp27m-win_amd64.whl", hash = "sha256:091eb38fbf968d1c5b703e412bbbd25f43a7967d8400842cee33a5a07b33c27b"},
    {file = "hiredis-1.0.1-cp27-cp27mu-manylinux1_i686.whl", hash = "sha256:75c65c3850e89e9daa68d1b9bedd5806f177d60aa5a7b0953b4829481cfc1f72"},
    {file = "hiredis-1.0.1-cp27-cp27mu-manylinux1_x86_64.whl", hash = "sha256:fa2dc05b87d97acc1c6ae63f3e0f39eae5246565232484b08db6bf2dc1580678"},
    {file = "hiredis-1.0.1-cp27-cp27mu-manylinux2010_i686.whl", hash = "sha256:74b364b3f06c9cf0a53f7df611045bc9437ed972a283fa1f0b12537236d23ddc"},
    {file = "hiredis-1.0.1-cp27-cp27mu-manylinux2010_x86_64.whl", hash = "sha256:9afeb88c67bbc663b9f27385c496da056d06ad87f55df6e393e1516cfecb0461"},
    {file = "hiredis-1.0.1-cp35-cp35m-macosx_10_6_intel.whl", hash = "sha256:040436e91df5143aff9e0debb49530d0b17a6bd52200ce568621c31ef581b10d"},
    {file = "hiredis-1.0.1-cp35-cp35m-manylinux1_i686.whl", hash = "sha256:2b4b392c7e3082860c8371fab3ae762139090f9115819e12d9f56060f9ede05d"},
    {file = "hiredis-1.0.1-cp35-cp35m-manylinux1_x86_64.whl", hash = "sha256:936aa565e673536e8a211e43ec43197406f24cd1f290138bd143765079c8ba00"},
    {file = "hiredis-1.0.1-cp35-cp35m-manylinux2010_i686.whl", hash = "sha256:48c627581ad4ef60adbac980981407939acf13a0e18f093502c7b542223c4f19"},
    {file = "hiredis-1.0.1-cp35-cp35m-manylinux2010_x86_64.whl", hash = "sha256:9d62cc7880110e4f83b0a51d218f465d3095e2751fbddd34e553dbd106a929ff"},
    {file = "hiredis-1.0.1-cp35-cp35m-win32.whl", hash = "sha256:8113a7d5e87ecf57cd4ae263cc9e429adb9a3e59f5a7768da5d3312a8d0a051a"},
    {file = "hiredis-1.0.1-cp35-cp35m-win_amd64.whl", hash = "sha256:fe7d6ce9f6a5fbe24f09d95ea93e9c7271abc4e1565da511e1449b107b4d7848"},
    {file = "hiredis-1.0.1-cp36-cp36m-macosx_10_6_intel.whl", hash = "sha256:efc98b14ee3a8595e40b1425e8d42f5fd26f11a7b215a81ef9259068931754f4"},
    {file = "hiredis-1.0.1-cp36-cp36m-manylinux1_i686.whl", hash = "sha256:01ff0900134166961c9e339df77c33b72f7edc5cb41739f0babcd9faa345926e"},
    {file = "hiredis-1.0.1-cp36-cp36m-manylinux1_x86_64.whl", hash = "sha256:d0caf98dfb8af395d6732bd16561c0a2458851bea522e39f12f04802dbf6f502"},
    {file = "hiredis-1.0.1-cp36-cp36m-manylinux2010_i686.whl", hash = "sha256:ae2ee0992f8de249715435942137843a93db204dd7db1e7cc9bdc5a8436443e8"},
    {file = "hiredis-1.0.1-cp36-cp36m-manylinux2010_x86_64.whl", hash = "sha256:4414a96c212e732723b5c3d7c04d386ebbb2ec359e1de646322cbc3f875cbd0d"},
    {file = "hiredis-1.0.1-cp36-cp36m-win32.whl", hash = "sha256:7f052de8bf744730a9120dbdc67bfeb7605a01f69fb8e7ba5c475af33c24e145"},
    {file = "hiredis-1.0.1-cp36-cp36m-win_amd64.whl", hash = "sha256:2fa65a9df683bca72073cd77709ddeb289ea2b114d3775d225fbbcc5faf808c5"},
    {file = "hiredis-1.0.1-cp37-cp37m-macosx_10_6_intel.whl", hash = "sha256:585ace09f434e43d8a8dbeb366865b1a044d7c06319b3c7372a0a00e63b860f4"},
    {file = "hiredis-1.0.1-cp37-cp37m-manylinux1_i686.whl", hash = "sha256:bcbf9379c553b5facc6c04c1e5569b44b38ff16bcbf354676287698d61ee0c92"},
    {file = "hiredis-1.0.1-cp37-cp37m-manylinux1_x86_64.whl", hash = "sha256:3b3428fa3cf1ee178807b52c9bee8950ab94cd4eaa9bfae8c1bbae3c49501d34"},
    {file = "hiredis-1.0.1-cp37-cp37m-manylinux2010_i686.whl", hash = "sha256:cbccbda6f1c62ab460449d9c85fdf24d0d32a6bf45176581151e53cc26a5d910"},
    {file = "hiredis-1.0.1-cp37-cp37m-manylinux2010_x86_64.whl", hash = "sha256:2c9cc0b986397b833073f466e6b9e9c70d1d4dc2c2c1b3e9cae3a23102ff296c"},
    {file = "hiredis-1.0.1-cp37-cp37m-win32.whl", hash = "sha256:84857ce239eb8ed191ac78e77ff65d52902f00f30f4ee83bf80eb71da73b70e6"},
    {file = "hiredis-1.0.1-cp37-cp37m-win_amd64.whl", hash = "sha256:b36842d7cf32929d568f37ec5b3173b72b2ec6572dec4d6be6ce774762215aee"},
    {file = "hiredis-1.0.1-cp38-cp38-macosx_10_9_x86_64.whl", hash = "sha256:3dd8c2fae7f5494978facb0e93297dd627b1a3f536f3b070cf0a7d9157a07dcb"},
    {file = "hiredis-1.0.1-cp38-cp38-manylinux1_i686.whl", hash = "sha256:01b577f84c20ecc9c07fc4c184231b08e3c3942de096fa99978e053de231c423"},
    {file = "hiredis-1.0.1-cp38-cp38-manylinux1_x86_64.whl", hash = "sha256:a1fadd062fc8d647ff39220c57ea2b48c99bb73f18223828ec97f88fc27e7898"},
    {file = "hiredis-1.0.1-cp38-cp38-manylinux2010_i686.whl", hash = "sha256:dce84916c09aaece006272b37234ae84a8ed13abb3a4d341a23933b8701abfb5"},
    {file = "hiredis-1.0.1-cp38-cp38-manylinux2010_x86_64.whl", hash = "sha256:8644a48ddc4a40b3e3a6b9443f396c2ee353afb2d45656c4fc68d04a82e8e3f7"},
    {file = "hiredis-1.0.1-cp38-cp38-win32.whl", hash = "sha256:eb8c9c8b9869539d58d60ff4a28373a22514d40495911451343971cb4835b7a9"},
    {file = "hiredis-1.0.1-cp38-cp38-win_amd64.whl", hash = "sha256:a7754a783b1e5d6f627c19d099b178059c62f782ab62b4d8ba165b9fbc2ee34c"},
    {file = "hiredis-1.0.1.tar.gz", hash = "sha256:aa59dd63bb3f736de4fc2d080114429d5d369dfb3265f771778e8349d67a97a4"},
]
idna = [
    {file = "idna-2.8-py2.py3-none-any.whl", hash = "sha256:ea8b7f6188e6fa117537c3df7da9fc686d485087abf6ac197f9c46432f7e4a3c"},
    {file = "idna-2.8.tar.gz", hash = "sha256:c357b3f628cf53ae2c4c05627ecc484553142ca23264e593d327bcde5e9c3407"},
]
marshmallow = [
    {file = "marshmallow-3.4.0-py2.py3-none-any.whl", hash = "sha256:7669b944d6233b81f68739d5826f1176c3841cc31cf6b856841083b5a72f5ca9"},
    {file = "marshmallow-3.4.0.tar.gz", hash = "sha256:c9d277f6092f32300395fb83d343be9f61b5e99d66d22bae1e5e7cd82608fee6"},
]
multidict = [
    {file = "multidict-4.7.4-cp35-cp35m-macosx_10_13_x86_64.whl", hash = "sha256:93166e0f5379cf6cd29746989f8a594fa7204dcae2e9335ddba39c870a287e1c"},
    {file = "multidict-4.7.4-cp35-cp35m-manylinux1_x86_64.whl", hash = "sha256:a8ed33e8f9b67e3b592c56567135bb42e7e0e97417a4b6a771e60898dfd5182b"},
    {file = "multidict-4.7.4-cp35-cp35m-win32.whl", hash = "sha256:a38baa3046cce174a07a59952c9f876ae8875ef3559709639c17fdf21f7b30dd"},
    {file = "multidict-4.7.4-cp35-cp35m-win_amd64.whl", hash = "sha256:9a7b115ee0b9b92d10ebc246811d8f55d0c57e82dbb6a26b23c9a9a6ad40ce0c"},
    {file = "multidict-4.7.4-cp36-cp36m-macosx_10_13_x86_64.whl", hash = "sha256:dcfed56aa085b89d644af17442cdc2debaa73388feba4b8026446d168ca8dad7"},
    {file = "multidict-4.7.4-cp36-cp36m-manylinux1_x86_64.whl", hash = "sha256:f29b885e4903bd57a7789f09fe9d60b6475a6c1a4c0eca874d8558f00f9d4b51"},
    {file = "multidict-4.7.4-cp36-cp36m-win32.whl", hash = "sha256:13f3ebdb5693944f52faa7b2065b751cb7e578b8dd0a5bb8e4ab05ad0188b85e"},
    {file = "multidict-4.7.4-cp36-cp36m-win_amd64.whl", hash = "sha256:4fba5204d32d5c52439f88437d33ad14b5f228e25072a192453f658bddfe45a7"},
    {file = "multidict-4.7.4-cp37-cp37m-macosx_10_13_x86_64.whl", hash = "sha256:a6d219f49821f4b2c85c6d426346a5d84dab6daa6f85ca3da6c00ed05b54022d"},
    {file = "multidict-4.7.4-cp37-cp37m-manylinux1_x86_64.whl", hash = "sha256:63810343ea07f5cd86ba66ab66706243a6f5af075eea50c01e39b4ad6bc3c57a"},
    {file = "multidict-4.7.4-cp37-cp37m-win32.whl", hash = "sha256:26502cefa86d79b86752e96639352c7247846515c864d7c2eb85d036752b643c"},
    {file = "multidict-4.7.4-cp37-cp37m-win_amd64.whl", hash = "sha256:5eee66f882ab35674944dfa0d28b57fa51e160b4dce0ce19e47f495fdae70703"},
    {file = "multidict-4.7.4-cp38-cp38-macosx_10_13_x86_64.whl", hash = "sha256:527124ef435f39a37b279653ad0238ff606b58328ca7989a6df372fd75d7fe26"},
    {file = "multidict-4.7.4-cp38-cp38-manylinux1_x86_64.whl", hash = "sha256:83c6ddf0add57c6b8a7de0bc7e2d656be3eefeff7c922af9a9aae7e49f225625"},
    {file = "multidict-4.7.4-cp38-cp38-win32.whl", hash = "sha256:6bd10adf9f0d6a98ccc792ab6f83d18674775986ba9bacd376b643fe35633357"},
    {file = "multidict-4.7.4-cp38-cp38-win_amd64.whl", hash = "sha256:5414f388ffd78c57e77bd253cf829373721f450613de53dc85a08e34d806e8eb"},
    {file = "multidict-4.7.4.tar.gz", hash = "sha256:d7d428488c67b09b26928950a395e41cc72bb9c3d5abfe9f0521940ee4f796d4"},
]
pydantic = [
    {file = "pydantic-1.4-cp36-cp36m-manylinux1_i686.whl", hash = "sha256:07911aab70f3bc52bb845ce1748569c5e70478ac977e106a150dd9d0465ebf04"},
    {file = "pydantic-1.4-cp36-cp36m-manylinux1_x86_64.whl", hash = "sha256:012c422859bac2e03ab3151ea6624fecf0e249486be7eb8c6ee69c91740c6752"},
    {file = "pydantic-1.4-cp36-cp36m-manylinux2010_i686.whl", hash = "sha256:61d22d36808087d3184ed6ac0d91dd71c533b66addb02e4a9930e1e30833202f"},
    {file = "pydantic-1.4-cp36-cp36m-manylinux2010_x86_64.whl", hash = "sha256:f863456d3d4bf817f2e5248553dee3974c5dc796f48e6ddb599383570f4215ac"},
    {file = "pydantic-1.4-cp37-cp37m-manylinux1_i686.whl", hash = "sha256:bbbed364376f4a0aebb9ea452ff7968b306499a9e74f4db69b28ff2cd4043a11"},
    {file = "pydantic-1.4-cp37-cp37m-manylinux1_x86_64.whl", hash = "sha256:e27559cedbd7f59d2375bfd6eea29a330ea1a5b0589c34d6b4e0d7bec6027bbf"},
    {file = "pydantic-1.4-cp37-cp37m-manylinux2010_i686.whl", hash = "sha256:50e4e948892a6815649ad5a9a9379ad1e5f090f17842ac206535dfaed75c6f2f"},
    {file = "pydantic-1.4-cp37-cp37m-manylinux2010_x86_64.whl", hash = "sha256:8848b4eb458469739126e4c1a202d723dd092e087f8dbe3104371335f87ba5df"},
    {file = "pydantic-1.4-cp38-cp38-manylinux1_i686.whl", hash = "sha256:831a0265a9e3933b3d0f04d1a81bba543bafbe4119c183ff2771871db70524ab"},
    {file = "pydantic-1.4-cp38-cp38-manylinux1_x86_64.whl", hash = "sha256:47b8db7024ba3d46c3d4768535e1cf87b6c8cf92ccd81e76f4e1cb8ee47688b3"},
    {file = "pydantic-1.4-cp38-cp38-manylinux2010_i686.whl", hash = "sha256:51f11c8bbf794a68086540da099aae4a9107447c7a9d63151edbb7d50110cf21"},
    {file = "pydantic-1.4-cp38-cp38-manylinux2010_x86_64.whl", hash = "sha256:6100d7862371115c40be55cc4b8d766a74b1d0dbaf99dbfe72bb4bac0faf89ed"},
    {file = "pydantic-1.4-py36.py37.py38-none-any.whl", hash = "sha256:72184c1421103cca128300120f8f1185fb42a9ea73a1c9845b1c53db8c026a7d"},
    {file = "pydantic-1.4.tar.gz", hash = "sha256:f17ec336e64d4583311249fb179528e9a2c27c8a2eaf590ec6ec2c6dece7cb3f"},
]
pyyaml = [
    {file = "PyYAML-5.3-cp27-cp27m-win32.whl", hash = "sha256:940532b111b1952befd7db542c370887a8611660d2b9becff75d39355303d82d"},
    {file = "PyYAML-5.3-cp27-cp27m-win_amd64.whl", hash = "sha256:059b2ee3194d718896c0ad077dd8c043e5e909d9180f387ce42012662a4946d6"},
    {file = "PyYAML-5.3-cp35-cp35m-win32.whl", hash = "sha256:4fee71aa5bc6ed9d5f116327c04273e25ae31a3020386916905767ec4fc5317e"},
    {file = "PyYAML-5.3-cp35-cp35m-win_amd64.whl", hash = "sha256:dbbb2379c19ed6042e8f11f2a2c66d39cceb8aeace421bfc29d085d93eda3689"},
    {file = "PyYAML-5.3-cp36-cp36m-win32.whl", hash = "sha256:e3a057b7a64f1222b56e47bcff5e4b94c4f61faac04c7c4ecb1985e18caa3994"},
    {file = "PyYAML-5.3-cp36-cp36m-win_amd64.whl", hash = "sha256:74782fbd4d4f87ff04159e986886931456a1894c61229be9eaf4de6f6e44b99e"},
    {file = "PyYAML-5.3-cp37-cp37m-win32.whl", hash = "sha256:24521fa2890642614558b492b473bee0ac1f8057a7263156b02e8b14c88ce6f5"},
    {file = "PyYAML-5.3-cp37-cp37m-win_amd64.whl", hash = "sha256:1cf708e2ac57f3aabc87405f04b86354f66799c8e62c28c5fc5f88b5521b2dbf"},
    {file = "PyYAML-5.3-cp38-cp38-win32.whl", hash = "sha256:70024e02197337533eef7b85b068212420f950319cc8c580261963aefc75f811"},
    {file = "PyYAML-5.3-cp38-cp38-win_amd64.whl", hash = "sha256:cb1f2f5e426dc9f07a7681419fe39cee823bb74f723f36f70399123f439e9b20"},
    {file = "PyYAML-5.3.tar.gz", hash = "sha256:e9f45bd5b92c7974e59bcd2dcc8631a6b6cc380a904725fce7bc08872e691615"},
]
simplejson = [
    {file = "simplejson-3.17.0-cp27-cp27m-macosx_10_13_x86_64.whl", hash = "sha256:87d349517b572964350cc1adc5a31b493bbcee284505e81637d0174b2758ba17"},
    {file = "simplejson-3.17.0-cp27-cp27m-win32.whl", hash = "sha256:1d1e929cdd15151f3c0b2efe953b3281b2fd5ad5f234f77aca725f28486466f6"},
    {file = "simplejson-3.17.0-cp27-cp27m-win_amd64.whl", hash = "sha256:1ea59f570b9d4916ae5540a9181f9c978e16863383738b69a70363bc5e63c4cb"},
    {file = "simplejson-3.17.0-cp33-cp33m-win32.whl", hash = "sha256:8027bd5f1e633eb61b8239994e6fc3aba0346e76294beac22a892eb8faa92ba1"},
    {file = "simplejson-3.17.0-cp33-cp33m-win_amd64.whl", hash = "sha256:22a7acb81968a7c64eba7526af2cf566e7e2ded1cb5c83f0906b17ff1540f866"},
    {file = "simplejson-3.17.0-cp34-cp34m-win32.whl", hash = "sha256:17163e643dbf125bb552de17c826b0161c68c970335d270e174363d19e7ea882"},
    {file = "simplejson-3.17.0-cp34-cp34m-win_amd64.whl", hash = "sha256:0fe3994207485efb63d8f10a833ff31236ed27e3b23dadd0bf51c9900313f8f2"},
    {file = "simplejson-3.17.0-cp35-cp35m-win32.whl", hash = "sha256:4cf91aab51b02b3327c9d51897960c554f00891f9b31abd8a2f50fd4a0071ce8"},
    {file = "simplejson-3.17.0-cp35-cp35m-win_amd64.whl", hash = "sha256:fc9051d249dd5512e541f20330a74592f7a65b2d62e18122ca89bf71f94db748"},
    {file = "simplejson-3.17.0-cp36-cp36m-macosx_10_13_x86_64.whl", hash = "sha256:86afc5b5cbd42d706efd33f280fec7bd7e2772ef54e3f34cf6b30777cd19a614"},
    {file = "simplejson-3.17.0-cp36-cp36m-win32.whl", hash = "sha256:926bcbef9eb60e798eabda9cd0bbcb0fca70d2779aa0aa56845749d973eb7ad5"},
    {file = "simplejson-3.17.0-cp36-cp36m-win_amd64.whl", hash = "sha256:daaf4d11db982791be74b23ff4729af2c7da79316de0bebf880fa2d60bcc8c5a"},
    {file = "simplejson-3.17.0-cp37-cp37m-macosx_10_14_x86_64.whl", hash = "sha256:9a126c3a91df5b1403e965ba63b304a50b53d8efc908a8c71545ed72535374a3"},
    {file = "simplejson-3.17.0-cp37-cp37m-win32.whl", hash = "sha256:fc046afda0ed8f5295212068266c92991ab1f4a50c6a7144b69364bdee4a0159"},
    {file = "simplejson-3.17.0-cp37-cp37m-win_amd64.whl", hash = "sha256:7cce4bac7e0d66f3a080b80212c2238e063211fe327f98d764c6acbc214497fc"},
    {file = "simplejson-3.17.0.tar.gz", hash = "sha256:2b4b2b738b3b99819a17feaf118265d0753d5536049ea570b3c43b51c4701e81"},
    {file = "simplejson-3.17.0.win-amd64-py2.7.exe", hash = "sha256:1d346c2c1d7dd79c118f0cc7ec5a1c4127e0c8ffc83e7b13fc5709ff78c9bb84"},
    {file = "simplejson-3.17.0.win-amd64-py3.3.exe", hash = "sha256:5cfd495527f8b85ce21db806567de52d98f5078a8e9427b18e251c68bd573a26"},
    {file = "simplejson-3.17.0.win-amd64-py3.4.exe", hash = "sha256:8de378d589eccbc75941e480b4d5b4db66f22e4232f87543b136b1f093fff342"},
    {file = "simplejson-3.17.0.win-amd64-py3.5.exe", hash = "sha256:f4b64a1031acf33e281fd9052336d6dad4d35eee3404c95431c8c6bc7a9c0588"},
    {file = "simplejson-3.17.0.win-amd64-py3.6.exe", hash = "sha256:ad8dd3454d0c65c0f92945ac86f7b9efb67fa2040ba1b0189540e984df904378"},
    {file = "simplejson-3.17.0.win-amd64-py3.7.exe", hash = "sha256:229edb079d5dd81bf12da952d4d825bd68d1241381b37d3acf961b384c9934de"},
    {file = "simplejson-3.17.0.win32-py2.7.exe", hash = "sha256:4fd5f79590694ebff8dc980708e1c182d41ce1fda599a12189f0ca96bf41ad70"},
    {file = "simplejson-3.17.0.win32-py3.3.exe", hash = "sha256:d140e9376e7f73c1f9e0a8e3836caf5eec57bbafd99259d56979da05a6356388"},
    {file = "simplejson-3.17.0.win32-py3.4.exe", hash = "sha256:da00675e5e483ead345429d4f1374ab8b949fba4429d60e71ee9d030ced64037"},
    {file = "simplejson-3.17.0.win32-py3.5.exe", hash = "sha256:7739940d68b200877a15a5ff5149e1599737d6dd55e302625650629350466418"},
    {file = "simplejson-3.17.0.win32-py3.6.exe", hash = "sha256:60aad424e47c5803276e332b2a861ed7a0d46560e8af53790c4c4fb3420c26c2"},
    {file = "simplejson-3.17.0.win32-py3.7.exe", hash = "sha256:1fbba86098bbfc1f85c5b69dc9a6d009055104354e0d9880bb00b692e30e0078"},
]
webargs = [
    {file = "webargs-5.5.3-py2-none-any.whl", hash = "sha256:fc81c9f9d391acfbce406a319217319fd8b2fd862f7fdb5319ad06944f36ed25"},
    {file = "webargs-5.5.3-py3-none-any.whl", hash = "sha256:4f04918864c7602886335d8099f9b8960ee698b6b914f022736ed50be6b71235"},
    {file = "webargs-5.5.3.tar.gz", hash = "sha256:871642a2e0c62f21d5b78f357750ac7a87e6bc734c972f633aa5fb6204fbf29a"},
]
yarl = [
    {file = "yarl-1.4.2-cp35-cp35m-macosx_10_13_x86_64.whl", hash = "sha256:3ce3d4f7c6b69c4e4f0704b32eca8123b9c58ae91af740481aa57d7857b5e41b"},
    {file = "yarl-1.4.2-cp35-cp35m-manylinux1_x86_64.whl", hash = "sha256:a4844ebb2be14768f7994f2017f70aca39d658a96c786211be5ddbe1c68794c1"},
    {file = "yarl-1.4.2-cp35-cp35m-win32.whl", hash = "sha256:d8cdee92bc930d8b09d8bd2043cedd544d9c8bd7436a77678dd602467a993080"},
    {file = "yarl-1.4.2-cp35-cp35m-win_amd64.whl", hash = "sha256:c2b509ac3d4b988ae8769901c66345425e361d518aecbe4acbfc2567e416626a"},
    {file = "yarl-1.4.2-cp36-cp36m-macosx_10_13_x86_64.whl", hash = "sha256:308b98b0c8cd1dfef1a0311dc5e38ae8f9b58349226aa0533f15a16717ad702f"},
    {file = "yarl-1.4.2-cp36-cp36m-manylinux1_x86_64.whl", hash = "sha256:944494be42fa630134bf907714d40207e646fd5a94423c90d5b514f7b0713fea"},
    {file = "yarl-1.4.2-cp36-cp36m-win32.whl", hash = "sha256:5b10eb0e7f044cf0b035112446b26a3a2946bca9d7d7edb5e54a2ad2f6652abb"},
    {file = "yarl-1.4.2-cp36-cp36m-win_amd64.whl", hash = "sha256:a161de7e50224e8e3de6e184707476b5a989037dcb24292b391a3d66ff158e70"},
    {file = "yarl-1.4.2-cp37-cp37m-macosx_10_13_x86_64.whl", hash = "sha256:26d7c90cb04dee1665282a5d1a998defc1a9e012fdca0f33396f81508f49696d"},
    {file = "yarl-1.4.2-cp37-cp37m-manylinux1_x86_64.whl", hash = "sha256:0c2ab325d33f1b824734b3ef51d4d54a54e0e7a23d13b86974507602334c2cce"},
    {file = "yarl-1.4.2-cp37-cp37m-win32.whl", hash = "sha256:e15199cdb423316e15f108f51249e44eb156ae5dba232cb73be555324a1d49c2"},
    {file = "yarl-1.4.2-cp37-cp37m-win_amd64.whl", hash = "sha256:2098a4b4b9d75ee352807a95cdf5f10180db903bc5b7270715c6bbe2551f64ce"},
    {file = "yarl-1.4.2-cp38-cp38-macosx_10_13_x86_64.whl", hash = "sha256:c9959d49a77b0e07559e579f38b2f3711c2b8716b8410b320bf9713013215a1b"},
    {file = "yarl-1.4.2-cp38-cp38-manylinux1_x86_64.whl", hash = "sha256:25e66e5e2007c7a39541ca13b559cd8ebc2ad8fe00ea94a2aad28a9b1e44e5ae"},
    {file = "yarl-1.4.2-cp38-cp38-win32.whl", hash = "sha256:6faa19d3824c21bcbfdfce5171e193c8b4ddafdf0ac3f129ccf0cdfcb083e462"},
    {file = "yarl-1.4.2-cp38-cp38-win_amd64.whl", hash = "sha256:0ca2f395591bbd85ddd50a82eb1fde9c1066fafe888c5c7cc1d810cf03fd3cc6"},
    {file = "yarl-1.4.2.tar.gz", hash = "sha256:58cd9c469eced558cd81aa3f484b2924e8897049e06889e8ff2510435b7ef74b"},
]
